// !$*UTF8*$!
{
	archiveVersion = 1;
	classes = {
	};
	objectVersion = 50;
	objects = {

/* Begin PBXBuildFile section */
		B51F5F10267E5A2000325B0B /* AppDelegate.swift in Sources */ = {isa = PBXBuildFile; fileRef = B51F5F0F267E5A2000325B0B /* AppDelegate.swift */; };
		B51F5F12267E5A2000325B0B /* SceneDelegate.swift in Sources */ = {isa = PBXBuildFile; fileRef = B51F5F11267E5A2000325B0B /* SceneDelegate.swift */; };
		B51F5F14267E5A2000325B0B /* ViewController.swift in Sources */ = {isa = PBXBuildFile; fileRef = B51F5F13267E5A2000325B0B /* ViewController.swift */; };
		B51F5F17267E5A2000325B0B /* Main.storyboard in Resources */ = {isa = PBXBuildFile; fileRef = B51F5F15267E5A2000325B0B /* Main.storyboard */; };
		B51F5F19267E5A2200325B0B /* Assets.xcassets in Resources */ = {isa = PBXBuildFile; fileRef = B51F5F18267E5A2200325B0B /* Assets.xcassets */; };
		B51F5F1C267E5A2200325B0B /* LaunchScreen.storyboard in Resources */ = {isa = PBXBuildFile; fileRef = B51F5F1A267E5A2200325B0B /* LaunchScreen.storyboard */; };
		B51F5F24267E5B3A00325B0B /* TargetViewController.swift in Sources */ = {isa = PBXBuildFile; fileRef = B51F5F23267E5B3A00325B0B /* TargetViewController.swift */; };
		B51F5F27267E5E4C00325B0B /* ProgressBar.swift in Sources */ = {isa = PBXBuildFile; fileRef = B51F5F26267E5E4C00325B0B /* ProgressBar.swift */; };
		B51F5F29267E669A00325B0B /* SalesProgramView.swift in Sources */ = {isa = PBXBuildFile; fileRef = B51F5F28267E669A00325B0B /* SalesProgramView.swift */; };
		B51F5F2C267E781E00325B0B /* HotGoodsCell.swift in Sources */ = {isa = PBXBuildFile; fileRef = B51F5F2B267E781E00325B0B /* HotGoodsCell.swift */; };
/* End PBXBuildFile section */

/* Begin PBXFileReference section */
		B51F5F0C267E5A2000325B0B /* Eldocode.app */ = {isa = PBXFileReference; explicitFileType = wrapper.application; includeInIndex = 0; path = Eldocode.app; sourceTree = BUILT_PRODUCTS_DIR; };
		B51F5F0F267E5A2000325B0B /* AppDelegate.swift */ = {isa = PBXFileReference; lastKnownFileType = sourcecode.swift; path = AppDelegate.swift; sourceTree = "<group>"; };
		B51F5F11267E5A2000325B0B /* SceneDelegate.swift */ = {isa = PBXFileReference; lastKnownFileType = sourcecode.swift; path = SceneDelegate.swift; sourceTree = "<group>"; };
		B51F5F13267E5A2000325B0B /* ViewController.swift */ = {isa = PBXFileReference; lastKnownFileType = sourcecode.swift; path = ViewController.swift; sourceTree = "<group>"; };
		B51F5F16267E5A2000325B0B /* Base */ = {isa = PBXFileReference; lastKnownFileType = file.storyboard; name = Base; path = Base.lproj/Main.storyboard; sourceTree = "<group>"; };
		B51F5F18267E5A2200325B0B /* Assets.xcassets */ = {isa = PBXFileReference; lastKnownFileType = folder.assetcatalog; path = Assets.xcassets; sourceTree = "<group>"; };
		B51F5F1B267E5A2200325B0B /* Base */ = {isa = PBXFileReference; lastKnownFileType = file.storyboard; name = Base; path = Base.lproj/LaunchScreen.storyboard; sourceTree = "<group>"; };
		B51F5F1D267E5A2200325B0B /* Info.plist */ = {isa = PBXFileReference; lastKnownFileType = text.plist.xml; path = Info.plist; sourceTree = "<group>"; };
		B51F5F23267E5B3A00325B0B /* TargetViewController.swift */ = {isa = PBXFileReference; lastKnownFileType = sourcecode.swift; path = TargetViewController.swift; sourceTree = "<group>"; };
		B51F5F26267E5E4C00325B0B /* ProgressBar.swift */ = {isa = PBXFileReference; lastKnownFileType = sourcecode.swift; path = ProgressBar.swift; sourceTree = "<group>"; };
		B51F5F28267E669A00325B0B /* SalesProgramView.swift */ = {isa = PBXFileReference; lastKnownFileType = sourcecode.swift; path = SalesProgramView.swift; sourceTree = "<group>"; };
		B51F5F2B267E781E00325B0B /* HotGoodsCell.swift */ = {isa = PBXFileReference; lastKnownFileType = sourcecode.swift; path = HotGoodsCell.swift; sourceTree = "<group>"; };
/* End PBXFileReference section */

/* Begin PBXFrameworksBuildPhase section */
		B51F5F09267E5A2000325B0B /* Frameworks */ = {
			isa = PBXFrameworksBuildPhase;
			buildActionMask = 2147483647;
			files = (
			);
			runOnlyForDeploymentPostprocessing = 0;
		};
/* End PBXFrameworksBuildPhase section */

/* Begin PBXGroup section */
		B51F5F03267E5A2000325B0B = {
			isa = PBXGroup;
			children = (
				B51F5F0E267E5A2000325B0B /* Eldocode */,
				B51F5F0D267E5A2000325B0B /* Products */,
			);
			sourceTree = "<group>";
		};
		B51F5F0D267E5A2000325B0B /* Products */ = {
			isa = PBXGroup;
			children = (
				B51F5F0C267E5A2000325B0B /* Eldocode.app */,
			);
			name = Products;
			sourceTree = "<group>";
		};
		B51F5F0E267E5A2000325B0B /* Eldocode */ = {
			isa = PBXGroup;
			children = (
				B51F5F0F267E5A2000325B0B /* AppDelegate.swift */,
				B51F5F11267E5A2000325B0B /* SceneDelegate.swift */,
				B51F5F13267E5A2000325B0B /* ViewController.swift */,
				B51F5F25267E5B4600325B0B /* Target */,
				B51F5F15267E5A2000325B0B /* Main.storyboard */,
				B51F5F18267E5A2200325B0B /* Assets.xcassets */,
				B51F5F1A267E5A2200325B0B /* LaunchScreen.storyboard */,
				B51F5F1D267E5A2200325B0B /* Info.plist */,
			);
			path = Eldocode;
			sourceTree = "<group>";
		};
		B51F5F25267E5B4600325B0B /* Target */ = {
			isa = PBXGroup;
			children = (
				B51F5F23267E5B3A00325B0B /* TargetViewController.swift */,
				B51F5F2A267E67E400325B0B /* View */,
			);
			path = Target;
			sourceTree = "<group>";
		};
		B51F5F2A267E67E400325B0B /* View */ = {
			isa = PBXGroup;
			children = (
				B51F5F26267E5E4C00325B0B /* ProgressBar.swift */,
				B51F5F28267E669A00325B0B /* SalesProgramView.swift */,
				B51F5F2B267E781E00325B0B /* HotGoodsCell.swift */,
			);
			path = View;
			sourceTree = "<group>";
		};
/* End PBXGroup section */

/* Begin PBXNativeTarget section */
		B51F5F0B267E5A2000325B0B /* Eldocode */ = {
			isa = PBXNativeTarget;
			buildConfigurationList = B51F5F20267E5A2200325B0B /* Build configuration list for PBXNativeTarget "Eldocode" */;
			buildPhases = (
				B51F5F08267E5A2000325B0B /* Sources */,
				B51F5F09267E5A2000325B0B /* Frameworks */,
				B51F5F0A267E5A2000325B0B /* Resources */,
			);
			buildRules = (
			);
			dependencies = (
			);
			name = Eldocode;
			productName = Eldocode;
			productReference = B51F5F0C267E5A2000325B0B /* Eldocode.app */;
			productType = "com.apple.product-type.application";
		};
/* End PBXNativeTarget section */

/* Begin PBXProject section */
		B51F5F04267E5A2000325B0B /* Project object */ = {
			isa = PBXProject;
			attributes = {
				LastSwiftUpdateCheck = 1250;
				LastUpgradeCheck = 1250;
				TargetAttributes = {
					B51F5F0B267E5A2000325B0B = {
						CreatedOnToolsVersion = 12.5;
					};
				};
			};
			buildConfigurationList = B51F5F07267E5A2000325B0B /* Build configuration list for PBXProject "Eldocode" */;
			compatibilityVersion = "Xcode 9.3";
			developmentRegion = en;
			hasScannedForEncodings = 0;
			knownRegions = (
				en,
				Base,
			);
			mainGroup = B51F5F03267E5A2000325B0B;
			productRefGroup = B51F5F0D267E5A2000325B0B /* Products */;
			projectDirPath = "";
			projectRoot = "";
			targets = (
				B51F5F0B267E5A2000325B0B /* Eldocode */,
			);
		};
/* End PBXProject section */

/* Begin PBXResourcesBuildPhase section */
		B51F5F0A267E5A2000325B0B /* Resources */ = {
			isa = PBXResourcesBuildPhase;
			buildActionMask = 2147483647;
			files = (
				B51F5F1C267E5A2200325B0B /* LaunchScreen.storyboard in Resources */,
				B51F5F19267E5A2200325B0B /* Assets.xcassets in Resources */,
				B51F5F17267E5A2000325B0B /* Main.storyboard in Resources */,
			);
			runOnlyForDeploymentPostprocessing = 0;
		};
/* End PBXResourcesBuildPhase section */

/* Begin PBXSourcesBuildPhase section */
		B51F5F08267E5A2000325B0B /* Sources */ = {
			isa = PBXSourcesBuildPhase;
			buildActionMask = 2147483647;
			files = (
				B51F5F14267E5A2000325B0B /* ViewController.swift in Sources */,
				B51F5F10267E5A2000325B0B /* AppDelegate.swift in Sources */,
				B51F5F29267E669A00325B0B /* SalesProgramView.swift in Sources */,
				B51F5F12267E5A2000325B0B /* SceneDelegate.swift in Sources */,
				B51F5F27267E5E4C00325B0B /* ProgressBar.swift in Sources */,
				B51F5F2C267E781E00325B0B /* HotGoodsCell.swift in Sources */,
				B51F5F24267E5B3A00325B0B /* TargetViewController.swift in Sources */,
			);
			runOnlyForDeploymentPostprocessing = 0;
		};
/* End PBXSourcesBuildPhase section */

/* Begin PBXVariantGroup section */
		B51F5F15267E5A2000325B0B /* Main.storyboard */ = {
			isa = PBXVariantGroup;
			children = (
				B51F5F16267E5A2000325B0B /* Base */,
			);
			name = Main.storyboard;
			sourceTree = "<group>";
		};
		B51F5F1A267E5A2200325B0B /* LaunchScreen.storyboard */ = {
			isa = PBXVariantGroup;
			children = (
				B51F5F1B267E5A2200325B0B /* Base */,
			);
			name = LaunchScreen.storyboard;
			sourceTree = "<group>";
		};
/* End PBXVariantGroup section */

/* Begin XCBuildConfiguration section */
		B51F5F1E267E5A2200325B0B /* Debug */ = {
			isa = XCBuildConfiguration;
			buildSettings = {
				ALWAYS_SEARCH_USER_PATHS = NO;
				CLANG_ANALYZER_NONNULL = YES;
				CLANG_ANALYZER_NUMBER_OBJECT_CONVERSION = YES_AGGRESSIVE;
				CLANG_CXX_LANGUAGE_STANDARD = "gnu++14";
				CLANG_CXX_LIBRARY = "libc++";
				CLANG_ENABLE_MODULES = YES;
				CLANG_ENABLE_OBJC_ARC = YES;
				CLANG_ENABLE_OBJC_WEAK = YES;
				CLANG_WARN_BLOCK_CAPTURE_AUTORELEASING = YES;
				CLANG_WARN_BOOL_CONVERSION = YES;
				CLANG_WARN_COMMA = YES;
				CLANG_WARN_CONSTANT_CONVERSION = YES;
				CLANG_WARN_DEPRECATED_OBJC_IMPLEMENTATIONS = YES;
				CLANG_WARN_DIRECT_OBJC_ISA_USAGE = YES_ERROR;
				CLANG_WARN_DOCUMENTATION_COMMENTS = YES;
				CLANG_WARN_EMPTY_BODY = YES;
				CLANG_WARN_ENUM_CONVERSION = YES;
				CLANG_WARN_INFINITE_RECURSION = YES;
				CLANG_WARN_INT_CONVERSION = YES;
				CLANG_WARN_NON_LITERAL_NULL_CONVERSION = YES;
				CLANG_WARN_OBJC_IMPLICIT_RETAIN_SELF = YES;
				CLANG_WARN_OBJC_LITERAL_CONVERSION = YES;
				CLANG_WARN_OBJC_ROOT_CLASS = YES_ERROR;
				CLANG_WARN_QUOTED_INCLUDE_IN_FRAMEWORK_HEADER = YES;
				CLANG_WARN_RANGE_LOOP_ANALYSIS = YES;
				CLANG_WARN_STRICT_PROTOTYPES = YES;
				CLANG_WARN_SUSPICIOUS_MOVE = YES;
				CLANG_WARN_UNGUARDED_AVAILABILITY = YES_AGGRESSIVE;
				CLANG_WARN_UNREACHABLE_CODE = YES;
				CLANG_WARN__DUPLICATE_METHOD_MATCH = YES;
				COPY_PHASE_STRIP = NO;
				DEBUG_INFORMATION_FORMAT = dwarf;
				ENABLE_STRICT_OBJC_MSGSEND = YES;
				ENABLE_TESTABILITY = YES;
				GCC_C_LANGUAGE_STANDARD = gnu11;
				GCC_DYNAMIC_NO_PIC = NO;
				GCC_NO_COMMON_BLOCKS = YES;
				GCC_OPTIMIZATION_LEVEL = 0;
				GCC_PREPROCESSOR_DEFINITIONS = (
					"DEBUG=1",
					"$(inherited)",
				);
				GCC_WARN_64_TO_32_BIT_CONVERSION = YES;
				GCC_WARN_ABOUT_RETURN_TYPE = YES_ERROR;
				GCC_WARN_UNDECLARED_SELECTOR = YES;
				GCC_WARN_UNINITIALIZED_AUTOS = YES_AGGRESSIVE;
				GCC_WARN_UNUSED_FUNCTION = YES;
				GCC_WARN_UNUSED_VARIABLE = YES;
				IPHONEOS_DEPLOYMENT_TARGET = 14.5;
				MTL_ENABLE_DEBUG_INFO = INCLUDE_SOURCE;
				MTL_FAST_MATH = YES;
				ONLY_ACTIVE_ARCH = YES;
				SDKROOT = iphoneos;
				SWIFT_ACTIVE_COMPILATION_CONDITIONS = DEBUG;
				SWIFT_OPTIMIZATION_LEVEL = "-Onone";
			};
			name = Debug;
		};
		B51F5F1F267E5A2200325B0B /* Release */ = {
			isa = XCBuildConfiguration;
			buildSettings = {
				ALWAYS_SEARCH_USER_PATHS = NO;
				CLANG_ANALYZER_NONNULL = YES;
				CLANG_ANALYZER_NUMBER_OBJECT_CONVERSION = YES_AGGRESSIVE;
				CLANG_CXX_LANGUAGE_STANDARD = "gnu++14";
				CLANG_CXX_LIBRARY = "libc++";
				CLANG_ENABLE_MODULES = YES;
				CLANG_ENABLE_OBJC_ARC = YES;
				CLANG_ENABLE_OBJC_WEAK = YES;
				CLANG_WARN_BLOCK_CAPTURE_AUTORELEASING = YES;
				CLANG_WARN_BOOL_CONVERSION = YES;
				CLANG_WARN_COMMA = YES;
				CLANG_WARN_CONSTANT_CONVERSION = YES;
				CLANG_WARN_DEPRECATED_OBJC_IMPLEMENTATIONS = YES;
				CLANG_WARN_DIRECT_OBJC_ISA_USAGE = YES_ERROR;
				CLANG_WARN_DOCUMENTATION_COMMENTS = YES;
				CLANG_WARN_EMPTY_BODY = YES;
				CLANG_WARN_ENUM_CONVERSION = YES;
				CLANG_WARN_INFINITE_RECURSION = YES;
				CLANG_WARN_INT_CONVERSION = YES;
				CLANG_WARN_NON_LITERAL_NULL_CONVERSION = YES;
				CLANG_WARN_OBJC_IMPLICIT_RETAIN_SELF = YES;
				CLANG_WARN_OBJC_LITERAL_CONVERSION = YES;
				CLANG_WARN_OBJC_ROOT_CLASS = YES_ERROR;
				CLANG_WARN_QUOTED_INCLUDE_IN_FRAMEWORK_HEADER = YES;
				CLANG_WARN_RANGE_LOOP_ANALYSIS = YES;
				CLANG_WARN_STRICT_PROTOTYPES = YES;
				CLANG_WARN_SUSPICIOUS_MOVE = YES;
				CLANG_WARN_UNGUARDED_AVAILABILITY = YES_AGGRESSIVE;
				CLANG_WARN_UNREACHABLE_CODE = YES;
				CLANG_WARN__DUPLICATE_METHOD_MATCH = YES;
				COPY_PHASE_STRIP = NO;
				DEBUG_INFORMATION_FORMAT = "dwarf-with-dsym";
				ENABLE_NS_ASSERTIONS = NO;
				ENABLE_STRICT_OBJC_MSGSEND = YES;
				GCC_C_LANGUAGE_STANDARD = gnu11;
				GCC_NO_COMMON_BLOCKS = YES;
				GCC_WARN_64_TO_32_BIT_CONVERSION = YES;
				GCC_WARN_ABOUT_RETURN_TYPE = YES_ERROR;
				GCC_WARN_UNDECLARED_SELECTOR = YES;
				GCC_WARN_UNINITIALIZED_AUTOS = YES_AGGRESSIVE;
				GCC_WARN_UNUSED_FUNCTION = YES;
				GCC_WARN_UNUSED_VARIABLE = YES;
				IPHONEOS_DEPLOYMENT_TARGET = 14.5;
				MTL_ENABLE_DEBUG_INFO = NO;
				MTL_FAST_MATH = YES;
				SDKROOT = iphoneos;
				SWIFT_COMPILATION_MODE = wholemodule;
				SWIFT_OPTIMIZATION_LEVEL = "-O";
				VALIDATE_PRODUCT = YES;
			};
			name = Release;
		};
		B51F5F21267E5A2200325B0B /* Debug */ = {
			isa = XCBuildConfiguration;
			buildSettings = {
				ASSETCATALOG_COMPILER_APPICON_NAME = AppIcon;
				ASSETCATALOG_COMPILER_GLOBAL_ACCENT_COLOR_NAME = AccentColor;
				CODE_SIGN_STYLE = Automatic;
				DEVELOPMENT_TEAM = 4DQD7HY3MS;
				INFOPLIST_FILE = Eldocode/Info.plist;
				LD_RUNPATH_SEARCH_PATHS = (
					"$(inherited)",
					"@executable_path/Frameworks",
				);
				PRODUCT_BUNDLE_IDENTIFIER = mustdev.Eldocode;
				PRODUCT_NAME = "$(TARGET_NAME)";
				SWIFT_VERSION = 5.0;
				TARGETED_DEVICE_FAMILY = "1,2";
			};
			name = Debug;
		};
		B51F5F22267E5A2200325B0B /* Release */ = {
			isa = XCBuildConfiguration;
			buildSettings = {
				ASSETCATALOG_COMPILER_APPICON_NAME = AppIcon;
				ASSETCATALOG_COMPILER_GLOBAL_ACCENT_COLOR_NAME = AccentColor;
				CODE_SIGN_STYLE = Automatic;
				DEVELOPMENT_TEAM = 4DQD7HY3MS;
				INFOPLIST_FILE = Eldocode/Info.plist;
				LD_RUNPATH_SEARCH_PATHS = (
					"$(inherited)",
					"@executable_path/Frameworks",
				);
				PRODUCT_BUNDLE_IDENTIFIER = mustdev.Eldocode;
				PRODUCT_NAME = "$(TARGET_NAME)";
				SWIFT_VERSION = 5.0;
				TARGETED_DEVICE_FAMILY = "1,2";
			};
			name = Release;
		};
/* End XCBuildConfiguration section */

/* Begin XCConfigurationList section */
		B51F5F07267E5A2000325B0B /* Build configuration list for PBXProject "Eldocode" */ = {
			isa = XCConfigurationList;
			buildConfigurations = (
				B51F5F1E267E5A2200325B0B /* Debug */,
				B51F5F1F267E5A2200325B0B /* Release */,
			);
			defaultConfigurationIsVisible = 0;
			defaultConfigurationName = Release;
		};
		B51F5F20267E5A2200325B0B /* Build configuration list for PBXNativeTarget "Eldocode" */ = {
			isa = XCConfigurationList;
			buildConfigurations = (
				B51F5F21267E5A2200325B0B /* Debug */,
				B51F5F22267E5A2200325B0B /* Release */,
			);
			defaultConfigurationIsVisible = 0;
			defaultConfigurationName = Release;
		};
/* End XCConfigurationList section */
	};
	rootObject = B51F5F04267E5A2000325B0B /* Project object */;
}
