// !$*UTF8*$!
{
	archiveVersion = 1;
	classes = {
	};
	objectVersion = 50;
	objects = {

/* Begin PBXBuildFile section */
		B51F5F10267E5A2000325B0B /* AppDelegate.swift in Sources */ = {isa = PBXBuildFile; fileRef = B51F5F0F267E5A2000325B0B /* AppDelegate.swift */; };
		B51F5F19267E5A2200325B0B /* Assets.xcassets in Resources */ = {isa = PBXBuildFile; fileRef = B51F5F18267E5A2200325B0B /* Assets.xcassets */; };
		B51F5F1C267E5A2200325B0B /* LaunchScreen.storyboard in Resources */ = {isa = PBXBuildFile; fileRef = B51F5F1A267E5A2200325B0B /* LaunchScreen.storyboard */; };
		B51F5F24267E5B3A00325B0B /* TargetViewController.swift in Sources */ = {isa = PBXBuildFile; fileRef = B51F5F23267E5B3A00325B0B /* TargetViewController.swift */; };
		B51F5F27267E5E4C00325B0B /* ProgressBar.swift in Sources */ = {isa = PBXBuildFile; fileRef = B51F5F26267E5E4C00325B0B /* ProgressBar.swift */; };
		B51F5F29267E669A00325B0B /* SalesProgramView.swift in Sources */ = {isa = PBXBuildFile; fileRef = B51F5F28267E669A00325B0B /* SalesProgramView.swift */; };
		B51F5F2C267E781E00325B0B /* HotGoodsCell.swift in Sources */ = {isa = PBXBuildFile; fileRef = B51F5F2B267E781E00325B0B /* HotGoodsCell.swift */; };
		B51F5F2E267E80F400325B0B /* EductationCell.swift in Sources */ = {isa = PBXBuildFile; fileRef = B51F5F2D267E80F400325B0B /* EductationCell.swift */; };
		B51F5F30267E85F700325B0B /* EducationDataSource.swift in Sources */ = {isa = PBXBuildFile; fileRef = B51F5F2F267E85F700325B0B /* EducationDataSource.swift */; };
		B51F5F32267EF7C900325B0B /* MainTabBarViewController.swift in Sources */ = {isa = PBXBuildFile; fileRef = B51F5F31267EF7C900325B0B /* MainTabBarViewController.swift */; };
		B51F5F35267EFEB700325B0B /* AuthViewController.swift in Sources */ = {isa = PBXBuildFile; fileRef = B51F5F34267EFEB700325B0B /* AuthViewController.swift */; };
		B51F5F3A267EFF4400325B0B /* RatingViewController.swift in Sources */ = {isa = PBXBuildFile; fileRef = B51F5F39267EFF4400325B0B /* RatingViewController.swift */; };
		B51F5F3D267EFF9700325B0B /* RatingView.swift in Sources */ = {isa = PBXBuildFile; fileRef = B51F5F3C267EFF9700325B0B /* RatingView.swift */; };
		B51F5F40267F022300325B0B /* Extension.swift in Sources */ = {isa = PBXBuildFile; fileRef = B51F5F3F267F022300325B0B /* Extension.swift */; };
		B51F5F42267F067600325B0B /* SelectShopView.swift in Sources */ = {isa = PBXBuildFile; fileRef = B51F5F41267F067600325B0B /* SelectShopView.swift */; };
		B51F5F44267F0CB000325B0B /* RaitingCell.swift in Sources */ = {isa = PBXBuildFile; fileRef = B51F5F43267F0CB000325B0B /* RaitingCell.swift */; };
		B51F5F47267F336000325B0B /* RatingNames.swift in Sources */ = {isa = PBXBuildFile; fileRef = B51F5F46267F336000325B0B /* RatingNames.swift */; };
		B51F5F4A267F347100325B0B /* ChatsViewController.swift in Sources */ = {isa = PBXBuildFile; fileRef = B51F5F49267F347100325B0B /* ChatsViewController.swift */; };
		B51F5F4D267F349500325B0B /* ChatCell.swift in Sources */ = {isa = PBXBuildFile; fileRef = B51F5F4C267F349500325B0B /* ChatCell.swift */; };
		B51F5F51267F45B400325B0B /* CatalogViewController.swift in Sources */ = {isa = PBXBuildFile; fileRef = B51F5F50267F45B400325B0B /* CatalogViewController.swift */; };
		B51F5F54267F462D00325B0B /* ProfileViewController.swift in Sources */ = {isa = PBXBuildFile; fileRef = B51F5F53267F462C00325B0B /* ProfileViewController.swift */; };
		B51F5F57267F46E000325B0B /* CatalogView.swift in Sources */ = {isa = PBXBuildFile; fileRef = B51F5F56267F46E000325B0B /* CatalogView.swift */; };
		B51F5F5A267F4AA400325B0B /* CatalogCell.swift in Sources */ = {isa = PBXBuildFile; fileRef = B51F5F59267F4AA400325B0B /* CatalogCell.swift */; };
		B51F5F5C267FA1C600325B0B /* ProfileView.swift in Sources */ = {isa = PBXBuildFile; fileRef = B51F5F5B267FA1C600325B0B /* ProfileView.swift */; };
		B51F5F5F267FA78F00325B0B /* AttainmentView.swift in Sources */ = {isa = PBXBuildFile; fileRef = B51F5F5E267FA78F00325B0B /* AttainmentView.swift */; };
		B582ECAF2681ACC1003DF847 /* ChatModel.swift in Sources */ = {isa = PBXBuildFile; fileRef = B582ECAE2681ACC1003DF847 /* ChatModel.swift */; };
		B582ECB22681D299003DF847 /* NotificationManager.swift in Sources */ = {isa = PBXBuildFile; fileRef = B582ECB12681D299003DF847 /* NotificationManager.swift */; };
		B582ECB42681F162003DF847 /* ListViewController.swift in Sources */ = {isa = PBXBuildFile; fileRef = B582ECB32681F162003DF847 /* ListViewController.swift */; };
		B582ECB62681F1F7003DF847 /* MessageCell.swift in Sources */ = {isa = PBXBuildFile; fileRef = B582ECB52681F1F7003DF847 /* MessageCell.swift */; };
		B582ECB8268237A6003DF847 /* CustomInputView.swift in Sources */ = {isa = PBXBuildFile; fileRef = B582ECB7268237A6003DF847 /* CustomInputView.swift */; };
		B582ECBA26823EA6003DF847 /* BasketViewController.swift in Sources */ = {isa = PBXBuildFile; fileRef = B582ECB926823EA6003DF847 /* BasketViewController.swift */; };
		B582ECBD268240C8003DF847 /* BasketView.swift in Sources */ = {isa = PBXBuildFile; fileRef = B582ECBC268240C8003DF847 /* BasketView.swift */; };
		B582ECBF26824123003DF847 /* GoodsInBasketCell.swift in Sources */ = {isa = PBXBuildFile; fileRef = B582ECBE26824122003DF847 /* GoodsInBasketCell.swift */; };
		B5E311E1268082C600A1454F /* SaleTimer.swift in Sources */ = {isa = PBXBuildFile; fileRef = B5E311E0268082C600A1454F /* SaleTimer.swift */; };
		B5E311E32680C80500A1454F /* NotifiView.swift in Sources */ = {isa = PBXBuildFile; fileRef = B5E311E22680C80500A1454F /* NotifiView.swift */; };
		B5E311EB2680F3AA00A1454F /* WidgetKit.framework in Frameworks */ = {isa = PBXBuildFile; fileRef = B5E311EA2680F3A900A1454F /* WidgetKit.framework */; };
		B5E311ED2680F3AA00A1454F /* SwiftUI.framework in Frameworks */ = {isa = PBXBuildFile; fileRef = B5E311EC2680F3AA00A1454F /* SwiftUI.framework */; };
		B5E311F02680F3AA00A1454F /* StartWidget.swift in Sources */ = {isa = PBXBuildFile; fileRef = B5E311EF2680F3AA00A1454F /* StartWidget.swift */; };
		B5E311F32680F3AC00A1454F /* Assets.xcassets in Resources */ = {isa = PBXBuildFile; fileRef = B5E311F22680F3AC00A1454F /* Assets.xcassets */; };
		B5E311F52680F3AC00A1454F /* StartWidget.intentdefinition in Sources */ = {isa = PBXBuildFile; fileRef = B5E311F12680F3AA00A1454F /* StartWidget.intentdefinition */; };
		B5E311F62680F3AC00A1454F /* StartWidget.intentdefinition in Sources */ = {isa = PBXBuildFile; fileRef = B5E311F12680F3AA00A1454F /* StartWidget.intentdefinition */; };
		B5E311F92680F3AC00A1454F /* StartWidgetExtension.appex in Embed App Extensions */ = {isa = PBXBuildFile; fileRef = B5E311E82680F3A900A1454F /* StartWidgetExtension.appex */; settings = {ATTRIBUTES = (RemoveHeadersOnCopy, ); }; };
		B5E312012681051D00A1454F /* CatalogDetail.swift in Sources */ = {isa = PBXBuildFile; fileRef = B5E312002681051D00A1454F /* CatalogDetail.swift */; };
		B5E31204268109C600A1454F /* GoodsCell.swift in Sources */ = {isa = PBXBuildFile; fileRef = B5E31203268109C600A1454F /* GoodsCell.swift */; };
		B5E3120726810B8000A1454F /* DetailGoodsView.swift in Sources */ = {isa = PBXBuildFile; fileRef = B5E3120626810B8000A1454F /* DetailGoodsView.swift */; };
		B5E3120926812BC000A1454F /* AuthAssert.swift in Sources */ = {isa = PBXBuildFile; fileRef = B5E3120826812BC000A1454F /* AuthAssert.swift */; };
/* End PBXBuildFile section */

/* Begin PBXContainerItemProxy section */
		B5E311F72680F3AC00A1454F /* PBXContainerItemProxy */ = {
			isa = PBXContainerItemProxy;
			containerPortal = B51F5F04267E5A2000325B0B /* Project object */;
			proxyType = 1;
			remoteGlobalIDString = B5E311E72680F3A900A1454F;
			remoteInfo = StartWidgetExtension;
		};
/* End PBXContainerItemProxy section */

/* Begin PBXCopyFilesBuildPhase section */
		B5E311FD2680F3AC00A1454F /* Embed App Extensions */ = {
			isa = PBXCopyFilesBuildPhase;
			buildActionMask = 2147483647;
			dstPath = "";
			dstSubfolderSpec = 13;
			files = (
				B5E311F92680F3AC00A1454F /* StartWidgetExtension.appex in Embed App Extensions */,
			);
			name = "Embed App Extensions";
			runOnlyForDeploymentPostprocessing = 0;
		};
/* End PBXCopyFilesBuildPhase section */

/* Begin PBXFileReference section */
		B51F5F0C267E5A2000325B0B /* Eldocode.app */ = {isa = PBXFileReference; explicitFileType = wrapper.application; includeInIndex = 0; path = Eldocode.app; sourceTree = BUILT_PRODUCTS_DIR; };
		B51F5F0F267E5A2000325B0B /* AppDelegate.swift */ = {isa = PBXFileReference; lastKnownFileType = sourcecode.swift; path = AppDelegate.swift; sourceTree = "<group>"; };
		B51F5F18267E5A2200325B0B /* Assets.xcassets */ = {isa = PBXFileReference; lastKnownFileType = folder.assetcatalog; path = Assets.xcassets; sourceTree = "<group>"; };
		B51F5F1B267E5A2200325B0B /* Base */ = {isa = PBXFileReference; lastKnownFileType = file.storyboard; name = Base; path = Base.lproj/LaunchScreen.storyboard; sourceTree = "<group>"; };
		B51F5F1D267E5A2200325B0B /* Info.plist */ = {isa = PBXFileReference; lastKnownFileType = text.plist.xml; path = Info.plist; sourceTree = "<group>"; };
		B51F5F23267E5B3A00325B0B /* TargetViewController.swift */ = {isa = PBXFileReference; lastKnownFileType = sourcecode.swift; path = TargetViewController.swift; sourceTree = "<group>"; };
		B51F5F26267E5E4C00325B0B /* ProgressBar.swift */ = {isa = PBXFileReference; lastKnownFileType = sourcecode.swift; path = ProgressBar.swift; sourceTree = "<group>"; };
		B51F5F28267E669A00325B0B /* SalesProgramView.swift */ = {isa = PBXFileReference; lastKnownFileType = sourcecode.swift; path = SalesProgramView.swift; sourceTree = "<group>"; };
		B51F5F2B267E781E00325B0B /* HotGoodsCell.swift */ = {isa = PBXFileReference; lastKnownFileType = sourcecode.swift; path = HotGoodsCell.swift; sourceTree = "<group>"; };
		B51F5F2D267E80F400325B0B /* EductationCell.swift */ = {isa = PBXFileReference; lastKnownFileType = sourcecode.swift; path = EductationCell.swift; sourceTree = "<group>"; };
		B51F5F2F267E85F700325B0B /* EducationDataSource.swift */ = {isa = PBXFileReference; lastKnownFileType = sourcecode.swift; path = EducationDataSource.swift; sourceTree = "<group>"; };
		B51F5F31267EF7C900325B0B /* MainTabBarViewController.swift */ = {isa = PBXFileReference; lastKnownFileType = sourcecode.swift; path = MainTabBarViewController.swift; sourceTree = "<group>"; };
		B51F5F34267EFEB700325B0B /* AuthViewController.swift */ = {isa = PBXFileReference; lastKnownFileType = sourcecode.swift; path = AuthViewController.swift; sourceTree = "<group>"; };
		B51F5F39267EFF4400325B0B /* RatingViewController.swift */ = {isa = PBXFileReference; lastKnownFileType = sourcecode.swift; path = RatingViewController.swift; sourceTree = "<group>"; };
		B51F5F3C267EFF9700325B0B /* RatingView.swift */ = {isa = PBXFileReference; lastKnownFileType = sourcecode.swift; path = RatingView.swift; sourceTree = "<group>"; };
		B51F5F3F267F022300325B0B /* Extension.swift */ = {isa = PBXFileReference; lastKnownFileType = sourcecode.swift; path = Extension.swift; sourceTree = "<group>"; };
		B51F5F41267F067600325B0B /* SelectShopView.swift */ = {isa = PBXFileReference; lastKnownFileType = sourcecode.swift; path = SelectShopView.swift; sourceTree = "<group>"; };
		B51F5F43267F0CB000325B0B /* RaitingCell.swift */ = {isa = PBXFileReference; lastKnownFileType = sourcecode.swift; path = RaitingCell.swift; sourceTree = "<group>"; };
		B51F5F46267F336000325B0B /* RatingNames.swift */ = {isa = PBXFileReference; lastKnownFileType = sourcecode.swift; path = RatingNames.swift; sourceTree = "<group>"; };
		B51F5F49267F347100325B0B /* ChatsViewController.swift */ = {isa = PBXFileReference; lastKnownFileType = sourcecode.swift; path = ChatsViewController.swift; sourceTree = "<group>"; };
		B51F5F4C267F349500325B0B /* ChatCell.swift */ = {isa = PBXFileReference; lastKnownFileType = sourcecode.swift; path = ChatCell.swift; sourceTree = "<group>"; };
		B51F5F50267F45B400325B0B /* CatalogViewController.swift */ = {isa = PBXFileReference; lastKnownFileType = sourcecode.swift; path = CatalogViewController.swift; sourceTree = "<group>"; };
		B51F5F53267F462C00325B0B /* ProfileViewController.swift */ = {isa = PBXFileReference; lastKnownFileType = sourcecode.swift; path = ProfileViewController.swift; sourceTree = "<group>"; };
		B51F5F56267F46E000325B0B /* CatalogView.swift */ = {isa = PBXFileReference; lastKnownFileType = sourcecode.swift; path = CatalogView.swift; sourceTree = "<group>"; };
		B51F5F59267F4AA400325B0B /* CatalogCell.swift */ = {isa = PBXFileReference; lastKnownFileType = sourcecode.swift; path = CatalogCell.swift; sourceTree = "<group>"; };
		B51F5F5B267FA1C600325B0B /* ProfileView.swift */ = {isa = PBXFileReference; lastKnownFileType = sourcecode.swift; path = ProfileView.swift; sourceTree = "<group>"; };
		B51F5F5E267FA78F00325B0B /* AttainmentView.swift */ = {isa = PBXFileReference; lastKnownFileType = sourcecode.swift; path = AttainmentView.swift; sourceTree = "<group>"; };
		B582ECAE2681ACC1003DF847 /* ChatModel.swift */ = {isa = PBXFileReference; lastKnownFileType = sourcecode.swift; path = ChatModel.swift; sourceTree = "<group>"; };
		B582ECB12681D299003DF847 /* NotificationManager.swift */ = {isa = PBXFileReference; lastKnownFileType = sourcecode.swift; path = NotificationManager.swift; sourceTree = "<group>"; };
		B582ECB32681F162003DF847 /* ListViewController.swift */ = {isa = PBXFileReference; lastKnownFileType = sourcecode.swift; path = ListViewController.swift; sourceTree = "<group>"; };
		B582ECB52681F1F7003DF847 /* MessageCell.swift */ = {isa = PBXFileReference; lastKnownFileType = sourcecode.swift; path = MessageCell.swift; sourceTree = "<group>"; };
		B582ECB7268237A6003DF847 /* CustomInputView.swift */ = {isa = PBXFileReference; lastKnownFileType = sourcecode.swift; path = CustomInputView.swift; sourceTree = "<group>"; };
		B582ECB926823EA6003DF847 /* BasketViewController.swift */ = {isa = PBXFileReference; lastKnownFileType = sourcecode.swift; path = BasketViewController.swift; sourceTree = "<group>"; };
		B582ECBC268240C8003DF847 /* BasketView.swift */ = {isa = PBXFileReference; lastKnownFileType = sourcecode.swift; path = BasketView.swift; sourceTree = "<group>"; };
		B582ECBE26824122003DF847 /* GoodsInBasketCell.swift */ = {isa = PBXFileReference; lastKnownFileType = sourcecode.swift; path = GoodsInBasketCell.swift; sourceTree = "<group>"; };
		B5E311E0268082C600A1454F /* SaleTimer.swift */ = {isa = PBXFileReference; lastKnownFileType = sourcecode.swift; path = SaleTimer.swift; sourceTree = "<group>"; };
		B5E311E22680C80500A1454F /* NotifiView.swift */ = {isa = PBXFileReference; lastKnownFileType = sourcecode.swift; path = NotifiView.swift; sourceTree = "<group>"; };
		B5E311E82680F3A900A1454F /* StartWidgetExtension.appex */ = {isa = PBXFileReference; explicitFileType = "wrapper.app-extension"; includeInIndex = 0; path = StartWidgetExtension.appex; sourceTree = BUILT_PRODUCTS_DIR; };
		B5E311EA2680F3A900A1454F /* WidgetKit.framework */ = {isa = PBXFileReference; lastKnownFileType = wrapper.framework; name = WidgetKit.framework; path = System/Library/Frameworks/WidgetKit.framework; sourceTree = SDKROOT; };
		B5E311EC2680F3AA00A1454F /* SwiftUI.framework */ = {isa = PBXFileReference; lastKnownFileType = wrapper.framework; name = SwiftUI.framework; path = System/Library/Frameworks/SwiftUI.framework; sourceTree = SDKROOT; };
		B5E311EF2680F3AA00A1454F /* StartWidget.swift */ = {isa = PBXFileReference; lastKnownFileType = sourcecode.swift; path = StartWidget.swift; sourceTree = "<group>"; };
		B5E311F12680F3AA00A1454F /* StartWidget.intentdefinition */ = {isa = PBXFileReference; lastKnownFileType = file.intentdefinition; path = StartWidget.intentdefinition; sourceTree = "<group>"; };
		B5E311F22680F3AC00A1454F /* Assets.xcassets */ = {isa = PBXFileReference; lastKnownFileType = folder.assetcatalog; path = Assets.xcassets; sourceTree = "<group>"; };
		B5E311F42680F3AC00A1454F /* Info.plist */ = {isa = PBXFileReference; lastKnownFileType = text.plist.xml; path = Info.plist; sourceTree = "<group>"; };
		B5E312002681051D00A1454F /* CatalogDetail.swift */ = {isa = PBXFileReference; lastKnownFileType = sourcecode.swift; path = CatalogDetail.swift; sourceTree = "<group>"; };
		B5E31203268109C600A1454F /* GoodsCell.swift */ = {isa = PBXFileReference; lastKnownFileType = sourcecode.swift; path = GoodsCell.swift; sourceTree = "<group>"; };
		B5E3120626810B8000A1454F /* DetailGoodsView.swift */ = {isa = PBXFileReference; lastKnownFileType = sourcecode.swift; path = DetailGoodsView.swift; sourceTree = "<group>"; };
		B5E3120826812BC000A1454F /* AuthAssert.swift */ = {isa = PBXFileReference; lastKnownFileType = sourcecode.swift; path = AuthAssert.swift; sourceTree = "<group>"; };
/* End PBXFileReference section */

/* Begin PBXFrameworksBuildPhase section */
		B51F5F09267E5A2000325B0B /* Frameworks */ = {
			isa = PBXFrameworksBuildPhase;
			buildActionMask = 2147483647;
			files = (
			);
			runOnlyForDeploymentPostprocessing = 0;
		};
		B5E311E52680F3A900A1454F /* Frameworks */ = {
			isa = PBXFrameworksBuildPhase;
			buildActionMask = 2147483647;
			files = (
				B5E311ED2680F3AA00A1454F /* SwiftUI.framework in Frameworks */,
				B5E311EB2680F3AA00A1454F /* WidgetKit.framework in Frameworks */,
			);
			runOnlyForDeploymentPostprocessing = 0;
		};
/* End PBXFrameworksBuildPhase section */

/* Begin PBXGroup section */
		B51F5F03267E5A2000325B0B = {
			isa = PBXGroup;
			children = (
				B51F5F0E267E5A2000325B0B /* Eldocode */,
				B5E311EE2680F3AA00A1454F /* StartWidget */,
				B5E311E92680F3A900A1454F /* Frameworks */,
				B51F5F0D267E5A2000325B0B /* Products */,
			);
			sourceTree = "<group>";
		};
		B51F5F0D267E5A2000325B0B /* Products */ = {
			isa = PBXGroup;
			children = (
				B51F5F0C267E5A2000325B0B /* Eldocode.app */,
				B5E311E82680F3A900A1454F /* StartWidgetExtension.appex */,
			);
			name = Products;
			sourceTree = "<group>";
		};
		B51F5F0E267E5A2000325B0B /* Eldocode */ = {
			isa = PBXGroup;
			children = (
				B5E31202268109AB00A1454F /* CatalogDetail */,
				B51F5F55267F469800325B0B /* Profile */,
				B51F5F52267F45B700325B0B /* Catalog */,
				B51F5F4F267F443C00325B0B /* Application */,
				B51F5F4B267F347500325B0B /* Chats */,
				B51F5F3B267EFF6600325B0B /* Rating */,
				B51F5F36267EFEC000325B0B /* Auth */,
				B51F5F25267E5B4600325B0B /* Target */,
				B5E311FE2680F3F800A1454F /* TabBar */,
				B5E311FF2680F40400A1454F /* Service */,
				B51F5F1D267E5A2200325B0B /* Info.plist */,
				B582ECBB26823F4B003DF847 /* BAsket */,
			);
			path = Eldocode;
			sourceTree = "<group>";
		};
		B51F5F25267E5B4600325B0B /* Target */ = {
			isa = PBXGroup;
			children = (
				B51F5F33267EFE0800325B0B /* Controller */,
				B51F5F23267E5B3A00325B0B /* TargetViewController.swift */,
				B51F5F2A267E67E400325B0B /* Views */,
			);
			path = Target;
			sourceTree = "<group>";
		};
		B51F5F2A267E67E400325B0B /* Views */ = {
			isa = PBXGroup;
			children = (
				B51F5F26267E5E4C00325B0B /* ProgressBar.swift */,
				B51F5F28267E669A00325B0B /* SalesProgramView.swift */,
				B51F5F2D267E80F400325B0B /* EductationCell.swift */,
				B51F5F2B267E781E00325B0B /* HotGoodsCell.swift */,
				B51F5F2F267E85F700325B0B /* EducationDataSource.swift */,
			);
			path = Views;
			sourceTree = "<group>";
		};
		B51F5F33267EFE0800325B0B /* Controller */ = {
			isa = PBXGroup;
			children = (
			);
			path = Controller;
			sourceTree = "<group>";
		};
		B51F5F36267EFEC000325B0B /* Auth */ = {
			isa = PBXGroup;
			children = (
				B51F5F34267EFEB700325B0B /* AuthViewController.swift */,
				B5E3120826812BC000A1454F /* AuthAssert.swift */,
			);
			path = Auth;
			sourceTree = "<group>";
		};
		B51F5F3B267EFF6600325B0B /* Rating */ = {
			isa = PBXGroup;
			children = (
				B51F5F45267F333A00325B0B /* Controller */,
				B51F5F3E267EFFA100325B0B /* Views */,
				B51F5F48267F336400325B0B /* Model */,
			);
			path = Rating;
			sourceTree = "<group>";
		};
		B51F5F3E267EFFA100325B0B /* Views */ = {
			isa = PBXGroup;
			children = (
				B51F5F3C267EFF9700325B0B /* RatingView.swift */,
				B51F5F41267F067600325B0B /* SelectShopView.swift */,
				B51F5F43267F0CB000325B0B /* RaitingCell.swift */,
			);
			path = Views;
			sourceTree = "<group>";
		};
		B51F5F45267F333A00325B0B /* Controller */ = {
			isa = PBXGroup;
			children = (
				B51F5F39267EFF4400325B0B /* RatingViewController.swift */,
			);
			path = Controller;
			sourceTree = "<group>";
		};
		B51F5F48267F336400325B0B /* Model */ = {
			isa = PBXGroup;
			children = (
				B51F5F46267F336000325B0B /* RatingNames.swift */,
			);
			path = Model;
			sourceTree = "<group>";
		};
		B51F5F4B267F347500325B0B /* Chats */ = {
			isa = PBXGroup;
			children = (
				B582ECAD2681ACA9003DF847 /* Controllers */,
				B51F5F4E267F349800325B0B /* Views */,
				B582ECB02681ACC4003DF847 /* Models */,
			);
			path = Chats;
			sourceTree = "<group>";
		};
		B51F5F4E267F349800325B0B /* Views */ = {
			isa = PBXGroup;
			children = (
				B51F5F4C267F349500325B0B /* ChatCell.swift */,
				B582ECB52681F1F7003DF847 /* MessageCell.swift */,
				B582ECB7268237A6003DF847 /* CustomInputView.swift */,
			);
			path = Views;
			sourceTree = "<group>";
		};
		B51F5F4F267F443C00325B0B /* Application */ = {
			isa = PBXGroup;
			children = (
				B51F5F1A267E5A2200325B0B /* LaunchScreen.storyboard */,
				B51F5F18267E5A2200325B0B /* Assets.xcassets */,
				B51F5F3F267F022300325B0B /* Extension.swift */,
				B51F5F0F267E5A2000325B0B /* AppDelegate.swift */,
			);
			path = Application;
			sourceTree = "<group>";
		};
		B51F5F52267F45B700325B0B /* Catalog */ = {
			isa = PBXGroup;
			children = (
				B51F5F50267F45B400325B0B /* CatalogViewController.swift */,
				B51F5F58267F46E300325B0B /* Views */,
			);
			path = Catalog;
			sourceTree = "<group>";
		};
		B51F5F55267F469800325B0B /* Profile */ = {
			isa = PBXGroup;
			children = (
				B51F5F53267F462C00325B0B /* ProfileViewController.swift */,
				B51F5F5D267FA1C900325B0B /* Views */,
			);
			path = Profile;
			sourceTree = "<group>";
		};
		B51F5F58267F46E300325B0B /* Views */ = {
			isa = PBXGroup;
			children = (
				B51F5F56267F46E000325B0B /* CatalogView.swift */,
				B51F5F59267F4AA400325B0B /* CatalogCell.swift */,
			);
			path = Views;
			sourceTree = "<group>";
		};
		B51F5F5D267FA1C900325B0B /* Views */ = {
			isa = PBXGroup;
			children = (
				B51F5F5B267FA1C600325B0B /* ProfileView.swift */,
				B5E311E22680C80500A1454F /* NotifiView.swift */,
				B51F5F5E267FA78F00325B0B /* AttainmentView.swift */,
			);
			path = Views;
			sourceTree = "<group>";
		};
		B582ECAD2681ACA9003DF847 /* Controllers */ = {
			isa = PBXGroup;
			children = (
				B51F5F49267F347100325B0B /* ChatsViewController.swift */,
				B582ECB32681F162003DF847 /* ListViewController.swift */,
			);
			path = Controllers;
			sourceTree = "<group>";
		};
		B582ECB02681ACC4003DF847 /* Models */ = {
			isa = PBXGroup;
			children = (
				B582ECAE2681ACC1003DF847 /* ChatModel.swift */,
			);
			path = Models;
			sourceTree = "<group>";
		};
		B582ECBB26823F4B003DF847 /* BAsket */ = {
			isa = PBXGroup;
			children = (
				B582ECB926823EA6003DF847 /* BasketViewController.swift */,
				B582ECBC268240C8003DF847 /* BasketView.swift */,
				B582ECBE26824122003DF847 /* GoodsInBasketCell.swift */,
			);
			path = BAsket;
			sourceTree = "<group>";
		};
		B5E311E92680F3A900A1454F /* Frameworks */ = {
			isa = PBXGroup;
			children = (
				B5E311EA2680F3A900A1454F /* WidgetKit.framework */,
				B5E311EC2680F3AA00A1454F /* SwiftUI.framework */,
			);
			name = Frameworks;
			sourceTree = "<group>";
		};
		B5E311EE2680F3AA00A1454F /* StartWidget */ = {
			isa = PBXGroup;
			children = (
				B5E311EF2680F3AA00A1454F /* StartWidget.swift */,
				B5E311F12680F3AA00A1454F /* StartWidget.intentdefinition */,
				B5E311F22680F3AC00A1454F /* Assets.xcassets */,
				B5E311F42680F3AC00A1454F /* Info.plist */,
			);
			path = StartWidget;
			sourceTree = "<group>";
		};
		B5E311FE2680F3F800A1454F /* TabBar */ = {
			isa = PBXGroup;
			children = (
				B51F5F31267EF7C900325B0B /* MainTabBarViewController.swift */,
			);
			path = TabBar;
			sourceTree = "<group>";
		};
		B5E311FF2680F40400A1454F /* Service */ = {
			isa = PBXGroup;
			children = (
				B5E311E0268082C600A1454F /* SaleTimer.swift */,
				B582ECB12681D299003DF847 /* NotificationManager.swift */,
			);
			path = Service;
			sourceTree = "<group>";
		};
		B5E31202268109AB00A1454F /* CatalogDetail */ = {
			isa = PBXGroup;
			children = (
				B5E312002681051D00A1454F /* CatalogDetail.swift */,
				B5E31205268109CA00A1454F /* Views */,
			);
			path = CatalogDetail;
			sourceTree = "<group>";
		};
		B5E31205268109CA00A1454F /* Views */ = {
			isa = PBXGroup;
			children = (
				B5E31203268109C600A1454F /* GoodsCell.swift */,
				B5E3120626810B8000A1454F /* DetailGoodsView.swift */,
			);
			path = Views;
			sourceTree = "<group>";
		};
/* End PBXGroup section */

/* Begin PBXNativeTarget section */
		B51F5F0B267E5A2000325B0B /* Eldocode */ = {
			isa = PBXNativeTarget;
			buildConfigurationList = B51F5F20267E5A2200325B0B /* Build configuration list for PBXNativeTarget "Eldocode" */;
			buildPhases = (
				B51F5F08267E5A2000325B0B /* Sources */,
				B51F5F09267E5A2000325B0B /* Frameworks */,
				B51F5F0A267E5A2000325B0B /* Resources */,
				B5E311FD2680F3AC00A1454F /* Embed App Extensions */,
			);
			buildRules = (
			);
			dependencies = (
				B5E311F82680F3AC00A1454F /* PBXTargetDependency */,
			);
			name = Eldocode;
			productName = Eldocode;
			productReference = B51F5F0C267E5A2000325B0B /* Eldocode.app */;
			productType = "com.apple.product-type.application";
		};
		B5E311E72680F3A900A1454F /* StartWidgetExtension */ = {
			isa = PBXNativeTarget;
			buildConfigurationList = B5E311FA2680F3AC00A1454F /* Build configuration list for PBXNativeTarget "StartWidgetExtension" */;
			buildPhases = (
				B5E311E42680F3A900A1454F /* Sources */,
				B5E311E52680F3A900A1454F /* Frameworks */,
				B5E311E62680F3A900A1454F /* Resources */,
			);
			buildRules = (
			);
			dependencies = (
			);
			name = StartWidgetExtension;
			productName = StartWidgetExtension;
			productReference = B5E311E82680F3A900A1454F /* StartWidgetExtension.appex */;
			productType = "com.apple.product-type.app-extension";
		};
/* End PBXNativeTarget section */

/* Begin PBXProject section */
		B51F5F04267E5A2000325B0B /* Project object */ = {
			isa = PBXProject;
			attributes = {
				LastSwiftUpdateCheck = 1250;
				LastUpgradeCheck = 1250;
				TargetAttributes = {
					B51F5F0B267E5A2000325B0B = {
						CreatedOnToolsVersion = 12.5;
					};
					B5E311E72680F3A900A1454F = {
						CreatedOnToolsVersion = 12.5;
					};
				};
			};
			buildConfigurationList = B51F5F07267E5A2000325B0B /* Build configuration list for PBXProject "Eldocode" */;
			compatibilityVersion = "Xcode 9.3";
			developmentRegion = en;
			hasScannedForEncodings = 0;
			knownRegions = (
				en,
				Base,
			);
			mainGroup = B51F5F03267E5A2000325B0B;
			productRefGroup = B51F5F0D267E5A2000325B0B /* Products */;
			projectDirPath = "";
			projectRoot = "";
			targets = (
				B51F5F0B267E5A2000325B0B /* Eldocode */,
				B5E311E72680F3A900A1454F /* StartWidgetExtension */,
			);
		};
/* End PBXProject section */

/* Begin PBXResourcesBuildPhase section */
		B51F5F0A267E5A2000325B0B /* Resources */ = {
			isa = PBXResourcesBuildPhase;
			buildActionMask = 2147483647;
			files = (
				B51F5F1C267E5A2200325B0B /* LaunchScreen.storyboard in Resources */,
				B51F5F19267E5A2200325B0B /* Assets.xcassets in Resources */,
			);
			runOnlyForDeploymentPostprocessing = 0;
		};
		B5E311E62680F3A900A1454F /* Resources */ = {
			isa = PBXResourcesBuildPhase;
			buildActionMask = 2147483647;
			files = (
				B5E311F32680F3AC00A1454F /* Assets.xcassets in Resources */,
			);
			runOnlyForDeploymentPostprocessing = 0;
		};
/* End PBXResourcesBuildPhase section */

/* Begin PBXSourcesBuildPhase section */
		B51F5F08267E5A2000325B0B /* Sources */ = {
			isa = PBXSourcesBuildPhase;
			buildActionMask = 2147483647;
			files = (
				B51F5F3D267EFF9700325B0B /* RatingView.swift in Sources */,
				B51F5F10267E5A2000325B0B /* AppDelegate.swift in Sources */,
				B51F5F3A267EFF4400325B0B /* RatingViewController.swift in Sources */,
				B51F5F4D267F349500325B0B /* ChatCell.swift in Sources */,
				B5E311E32680C80500A1454F /* NotifiView.swift in Sources */,
				B582ECBD268240C8003DF847 /* BasketView.swift in Sources */,
				B582ECB42681F162003DF847 /* ListViewController.swift in Sources */,
				B5E3120926812BC000A1454F /* AuthAssert.swift in Sources */,
				B51F5F40267F022300325B0B /* Extension.swift in Sources */,
				B51F5F42267F067600325B0B /* SelectShopView.swift in Sources */,
				B51F5F51267F45B400325B0B /* CatalogViewController.swift in Sources */,
				B582ECBF26824123003DF847 /* GoodsInBasketCell.swift in Sources */,
				B51F5F29267E669A00325B0B /* SalesProgramView.swift in Sources */,
				B5E311E1268082C600A1454F /* SaleTimer.swift in Sources */,
				B51F5F4A267F347100325B0B /* ChatsViewController.swift in Sources */,
				B582ECB8268237A6003DF847 /* CustomInputView.swift in Sources */,
				B582ECB62681F1F7003DF847 /* MessageCell.swift in Sources */,
				B51F5F5A267F4AA400325B0B /* CatalogCell.swift in Sources */,
				B51F5F54267F462D00325B0B /* ProfileViewController.swift in Sources */,
				B51F5F30267E85F700325B0B /* EducationDataSource.swift in Sources */,
				B582ECBA26823EA6003DF847 /* BasketViewController.swift in Sources */,
				B51F5F32267EF7C900325B0B /* MainTabBarViewController.swift in Sources */,
				B51F5F44267F0CB000325B0B /* RaitingCell.swift in Sources */,
				B51F5F2E267E80F400325B0B /* EductationCell.swift in Sources */,
				B51F5F57267F46E000325B0B /* CatalogView.swift in Sources */,
				B51F5F27267E5E4C00325B0B /* ProgressBar.swift in Sources */,
				B51F5F5F267FA78F00325B0B /* AttainmentView.swift in Sources */,
				B51F5F2C267E781E00325B0B /* HotGoodsCell.swift in Sources */,
				B582ECB22681D299003DF847 /* NotificationManager.swift in Sources */,
				B582ECAF2681ACC1003DF847 /* ChatModel.swift in Sources */,
				B5E311F62680F3AC00A1454F /* StartWidget.intentdefinition in Sources */,
				B5E31204268109C600A1454F /* GoodsCell.swift in Sources */,
				B51F5F35267EFEB700325B0B /* AuthViewController.swift in Sources */,
				B51F5F24267E5B3A00325B0B /* TargetViewController.swift in Sources */,
				B5E3120726810B8000A1454F /* DetailGoodsView.swift in Sources */,
				B51F5F5C267FA1C600325B0B /* ProfileView.swift in Sources */,
				B51F5F47267F336000325B0B /* RatingNames.swift in Sources */,
				B5E312012681051D00A1454F /* CatalogDetail.swift in Sources */,
			);
			runOnlyForDeploymentPostprocessing = 0;
		};
		B5E311E42680F3A900A1454F /* Sources */ = {
			isa = PBXSourcesBuildPhase;
			buildActionMask = 2147483647;
			files = (
				B5E311F02680F3AA00A1454F /* StartWidget.swift in Sources */,
				B5E311F52680F3AC00A1454F /* StartWidget.intentdefinition in Sources */,
			);
			runOnlyForDeploymentPostprocessing = 0;
		};
/* End PBXSourcesBuildPhase section */

/* Begin PBXTargetDependency section */
		B5E311F82680F3AC00A1454F /* PBXTargetDependency */ = {
			isa = PBXTargetDependency;
			target = B5E311E72680F3A900A1454F /* StartWidgetExtension */;
			targetProxy = B5E311F72680F3AC00A1454F /* PBXContainerItemProxy */;
		};
/* End PBXTargetDependency section */

/* Begin PBXVariantGroup section */
		B51F5F1A267E5A2200325B0B /* LaunchScreen.storyboard */ = {
			isa = PBXVariantGroup;
			children = (
				B51F5F1B267E5A2200325B0B /* Base */,
			);
			name = LaunchScreen.storyboard;
			sourceTree = "<group>";
		};
/* End PBXVariantGroup section */

/* Begin XCBuildConfiguration section */
		B51F5F1E267E5A2200325B0B /* Debug */ = {
			isa = XCBuildConfiguration;
			buildSettings = {
				ALWAYS_SEARCH_USER_PATHS = NO;
				CLANG_ANALYZER_NONNULL = YES;
				CLANG_ANALYZER_NUMBER_OBJECT_CONVERSION = YES_AGGRESSIVE;
				CLANG_CXX_LANGUAGE_STANDARD = "gnu++14";
				CLANG_CXX_LIBRARY = "libc++";
				CLANG_ENABLE_MODULES = YES;
				CLANG_ENABLE_OBJC_ARC = YES;
				CLANG_ENABLE_OBJC_WEAK = YES;
				CLANG_WARN_BLOCK_CAPTURE_AUTORELEASING = YES;
				CLANG_WARN_BOOL_CONVERSION = YES;
				CLANG_WARN_COMMA = YES;
				CLANG_WARN_CONSTANT_CONVERSION = YES;
				CLANG_WARN_DEPRECATED_OBJC_IMPLEMENTATIONS = YES;
				CLANG_WARN_DIRECT_OBJC_ISA_USAGE = YES_ERROR;
				CLANG_WARN_DOCUMENTATION_COMMENTS = YES;
				CLANG_WARN_EMPTY_BODY = YES;
				CLANG_WARN_ENUM_CONVERSION = YES;
				CLANG_WARN_INFINITE_RECURSION = YES;
				CLANG_WARN_INT_CONVERSION = YES;
				CLANG_WARN_NON_LITERAL_NULL_CONVERSION = YES;
				CLANG_WARN_OBJC_IMPLICIT_RETAIN_SELF = YES;
				CLANG_WARN_OBJC_LITERAL_CONVERSION = YES;
				CLANG_WARN_OBJC_ROOT_CLASS = YES_ERROR;
				CLANG_WARN_QUOTED_INCLUDE_IN_FRAMEWORK_HEADER = YES;
				CLANG_WARN_RANGE_LOOP_ANALYSIS = YES;
				CLANG_WARN_STRICT_PROTOTYPES = YES;
				CLANG_WARN_SUSPICIOUS_MOVE = YES;
				CLANG_WARN_UNGUARDED_AVAILABILITY = YES_AGGRESSIVE;
				CLANG_WARN_UNREACHABLE_CODE = YES;
				CLANG_WARN__DUPLICATE_METHOD_MATCH = YES;
				COPY_PHASE_STRIP = NO;
				DEBUG_INFORMATION_FORMAT = dwarf;
				ENABLE_STRICT_OBJC_MSGSEND = YES;
				ENABLE_TESTABILITY = YES;
				GCC_C_LANGUAGE_STANDARD = gnu11;
				GCC_DYNAMIC_NO_PIC = NO;
				GCC_NO_COMMON_BLOCKS = YES;
				GCC_OPTIMIZATION_LEVEL = 0;
				GCC_PREPROCESSOR_DEFINITIONS = (
					"DEBUG=1",
					"$(inherited)",
				);
				GCC_WARN_64_TO_32_BIT_CONVERSION = YES;
				GCC_WARN_ABOUT_RETURN_TYPE = YES_ERROR;
				GCC_WARN_UNDECLARED_SELECTOR = YES;
				GCC_WARN_UNINITIALIZED_AUTOS = YES_AGGRESSIVE;
				GCC_WARN_UNUSED_FUNCTION = YES;
				GCC_WARN_UNUSED_VARIABLE = YES;
				IPHONEOS_DEPLOYMENT_TARGET = 14.5;
				MTL_ENABLE_DEBUG_INFO = INCLUDE_SOURCE;
				MTL_FAST_MATH = YES;
				ONLY_ACTIVE_ARCH = YES;
				SDKROOT = iphoneos;
				SWIFT_ACTIVE_COMPILATION_CONDITIONS = DEBUG;
				SWIFT_OPTIMIZATION_LEVEL = "-Onone";
			};
			name = Debug;
		};
		B51F5F1F267E5A2200325B0B /* Release */ = {
			isa = XCBuildConfiguration;
			buildSettings = {
				ALWAYS_SEARCH_USER_PATHS = NO;
				CLANG_ANALYZER_NONNULL = YES;
				CLANG_ANALYZER_NUMBER_OBJECT_CONVERSION = YES_AGGRESSIVE;
				CLANG_CXX_LANGUAGE_STANDARD = "gnu++14";
				CLANG_CXX_LIBRARY = "libc++";
				CLANG_ENABLE_MODULES = YES;
				CLANG_ENABLE_OBJC_ARC = YES;
				CLANG_ENABLE_OBJC_WEAK = YES;
				CLANG_WARN_BLOCK_CAPTURE_AUTORELEASING = YES;
				CLANG_WARN_BOOL_CONVERSION = YES;
				CLANG_WARN_COMMA = YES;
				CLANG_WARN_CONSTANT_CONVERSION = YES;
				CLANG_WARN_DEPRECATED_OBJC_IMPLEMENTATIONS = YES;
				CLANG_WARN_DIRECT_OBJC_ISA_USAGE = YES_ERROR;
				CLANG_WARN_DOCUMENTATION_COMMENTS = YES;
				CLANG_WARN_EMPTY_BODY = YES;
				CLANG_WARN_ENUM_CONVERSION = YES;
				CLANG_WARN_INFINITE_RECURSION = YES;
				CLANG_WARN_INT_CONVERSION = YES;
				CLANG_WARN_NON_LITERAL_NULL_CONVERSION = YES;
				CLANG_WARN_OBJC_IMPLICIT_RETAIN_SELF = YES;
				CLANG_WARN_OBJC_LITERAL_CONVERSION = YES;
				CLANG_WARN_OBJC_ROOT_CLASS = YES_ERROR;
				CLANG_WARN_QUOTED_INCLUDE_IN_FRAMEWORK_HEADER = YES;
				CLANG_WARN_RANGE_LOOP_ANALYSIS = YES;
				CLANG_WARN_STRICT_PROTOTYPES = YES;
				CLANG_WARN_SUSPICIOUS_MOVE = YES;
				CLANG_WARN_UNGUARDED_AVAILABILITY = YES_AGGRESSIVE;
				CLANG_WARN_UNREACHABLE_CODE = YES;
				CLANG_WARN__DUPLICATE_METHOD_MATCH = YES;
				COPY_PHASE_STRIP = NO;
				DEBUG_INFORMATION_FORMAT = "dwarf-with-dsym";
				ENABLE_NS_ASSERTIONS = NO;
				ENABLE_STRICT_OBJC_MSGSEND = YES;
				GCC_C_LANGUAGE_STANDARD = gnu11;
				GCC_NO_COMMON_BLOCKS = YES;
				GCC_WARN_64_TO_32_BIT_CONVERSION = YES;
				GCC_WARN_ABOUT_RETURN_TYPE = YES_ERROR;
				GCC_WARN_UNDECLARED_SELECTOR = YES;
				GCC_WARN_UNINITIALIZED_AUTOS = YES_AGGRESSIVE;
				GCC_WARN_UNUSED_FUNCTION = YES;
				GCC_WARN_UNUSED_VARIABLE = YES;
				IPHONEOS_DEPLOYMENT_TARGET = 14.5;
				MTL_ENABLE_DEBUG_INFO = NO;
				MTL_FAST_MATH = YES;
				SDKROOT = iphoneos;
				SWIFT_COMPILATION_MODE = wholemodule;
				SWIFT_OPTIMIZATION_LEVEL = "-O";
				VALIDATE_PRODUCT = YES;
			};
			name = Release;
		};
		B51F5F21267E5A2200325B0B /* Debug */ = {
			isa = XCBuildConfiguration;
			buildSettings = {
				ALWAYS_EMBED_SWIFT_STANDARD_LIBRARIES = YES;
				ASSETCATALOG_COMPILER_APPICON_NAME = AppIcon;
				ASSETCATALOG_COMPILER_GLOBAL_ACCENT_COLOR_NAME = AccentColor;
				CODE_SIGN_STYLE = Automatic;
				DEVELOPMENT_TEAM = 4DQD7HY3MS;
				INFOPLIST_FILE = Eldocode/Info.plist;
				LD_RUNPATH_SEARCH_PATHS = (
					"$(inherited)",
					"@executable_path/Frameworks",
				);
				PRODUCT_BUNDLE_IDENTIFIER = mustdev.Eldocode;
				PRODUCT_NAME = "$(TARGET_NAME)";
				SWIFT_VERSION = 5.0;
				TARGETED_DEVICE_FAMILY = "1,2";
			};
			name = Debug;
		};
		B51F5F22267E5A2200325B0B /* Release */ = {
			isa = XCBuildConfiguration;
			buildSettings = {
				ALWAYS_EMBED_SWIFT_STANDARD_LIBRARIES = YES;
				ASSETCATALOG_COMPILER_APPICON_NAME = AppIcon;
				ASSETCATALOG_COMPILER_GLOBAL_ACCENT_COLOR_NAME = AccentColor;
				CODE_SIGN_STYLE = Automatic;
				DEVELOPMENT_TEAM = 4DQD7HY3MS;
				INFOPLIST_FILE = Eldocode/Info.plist;
				LD_RUNPATH_SEARCH_PATHS = (
					"$(inherited)",
					"@executable_path/Frameworks",
				);
				PRODUCT_BUNDLE_IDENTIFIER = mustdev.Eldocode;
				PRODUCT_NAME = "$(TARGET_NAME)";
				SWIFT_VERSION = 5.0;
				TARGETED_DEVICE_FAMILY = "1,2";
			};
			name = Release;
		};
		B5E311FB2680F3AC00A1454F /* Debug */ = {
			isa = XCBuildConfiguration;
			buildSettings = {
				ASSETCATALOG_COMPILER_GLOBAL_ACCENT_COLOR_NAME = AccentColor;
				ASSETCATALOG_COMPILER_WIDGET_BACKGROUND_COLOR_NAME = WidgetBackground;
				CODE_SIGN_STYLE = Automatic;
				DEVELOPMENT_TEAM = 4DQD7HY3MS;
				INFOPLIST_FILE = StartWidget/Info.plist;
				LD_RUNPATH_SEARCH_PATHS = (
					"$(inherited)",
					"@executable_path/Frameworks",
					"@executable_path/../../Frameworks",
				);
				PRODUCT_BUNDLE_IDENTIFIER = mustdev.Eldocode.StartWidget;
				PRODUCT_NAME = "$(TARGET_NAME)";
				SKIP_INSTALL = YES;
				SWIFT_VERSION = 5.0;
				TARGETED_DEVICE_FAMILY = "1,2";
			};
			name = Debug;
		};
		B5E311FC2680F3AC00A1454F /* Release */ = {
			isa = XCBuildConfiguration;
			buildSettings = {
				ASSETCATALOG_COMPILER_GLOBAL_ACCENT_COLOR_NAME = AccentColor;
				ASSETCATALOG_COMPILER_WIDGET_BACKGROUND_COLOR_NAME = WidgetBackground;
				CODE_SIGN_STYLE = Automatic;
				DEVELOPMENT_TEAM = 4DQD7HY3MS;
				INFOPLIST_FILE = StartWidget/Info.plist;
				LD_RUNPATH_SEARCH_PATHS = (
					"$(inherited)",
					"@executable_path/Frameworks",
					"@executable_path/../../Frameworks",
				);
				PRODUCT_BUNDLE_IDENTIFIER = mustdev.Eldocode.StartWidget;
				PRODUCT_NAME = "$(TARGET_NAME)";
				SKIP_INSTALL = YES;
				SWIFT_VERSION = 5.0;
				TARGETED_DEVICE_FAMILY = "1,2";
			};
			name = Release;
		};
/* End XCBuildConfiguration section */

/* Begin XCConfigurationList section */
		B51F5F07267E5A2000325B0B /* Build configuration list for PBXProject "Eldocode" */ = {
			isa = XCConfigurationList;
			buildConfigurations = (
				B51F5F1E267E5A2200325B0B /* Debug */,
				B51F5F1F267E5A2200325B0B /* Release */,
			);
			defaultConfigurationIsVisible = 0;
			defaultConfigurationName = Release;
		};
		B51F5F20267E5A2200325B0B /* Build configuration list for PBXNativeTarget "Eldocode" */ = {
			isa = XCConfigurationList;
			buildConfigurations = (
				B51F5F21267E5A2200325B0B /* Debug */,
				B51F5F22267E5A2200325B0B /* Release */,
			);
			defaultConfigurationIsVisible = 0;
			defaultConfigurationName = Release;
		};
		B5E311FA2680F3AC00A1454F /* Build configuration list for PBXNativeTarget "StartWidgetExtension" */ = {
			isa = XCConfigurationList;
			buildConfigurations = (
				B5E311FB2680F3AC00A1454F /* Debug */,
				B5E311FC2680F3AC00A1454F /* Release */,
			);
			defaultConfigurationIsVisible = 0;
			defaultConfigurationName = Release;
		};
/* End XCConfigurationList section */
	};
	rootObject = B51F5F04267E5A2000325B0B /* Project object */;
}
